# Auto-generated by dotagents. Do not edit.
version = 1

[skills.code-review]
source = "getsentry/skills"
resolved_url = "https://github.com/getsentry/skills.git"
resolved_path = ".agents/skills/code-review"
commit = "300f87e68926c4a89d664d730e87c2375ab6d215"
integrity = "sha256-EQagBxdNIvqA8Ugvd1fdagQTbR+TJLsV2W7D5jIHqzc="

[skills.find-bugs]
source = "getsentry/skills"
resolved_url = "https://github.com/getsentry/skills.git"
resolved_path = ".agents/skills/find-bugs"
commit = "300f87e68926c4a89d664d730e87c2375ab6d215"
integrity = "sha256-FWmCLdOj+x+XffiEg7Bx19drylVypeKz8me9OA757js="

[skills.skill-scanner]
source = "getsentry/skills"
resolved_url = "https://github.com/getsentry/skills.git"
resolved_path = ".agents/skills/skill-scanner"
commit = "300f87e68926c4a89d664d730e87c2375ab6d215"
integrity = "sha256-GNsYjlwxSCozFOMv1K2hMfXOy4PynX/KSN0vP9WSnhU="

